
Microsoft Visual Studio Solution File, Format Version 12.00
# Visual Studio Version 17
VisualStudioVersion = 17.12.35707.178
MinimumVisualStudioVersion = 10.0.40219.1
Project("{8BC9CEB8-8B4A-11D0-8D11-00A0C91BC942}") = "001_bmi", "001_bmi\001_bmi.vcxproj", "{B8316654-128D-4270-8566-2AB7A0FBD4DD}"
EndProject
Project("{8BC9CEB8-8B4A-11D0-8D11-00A0C91BC942}") = "002_bmiCPP", "002_bmiCPP\002_bmiCPP.vcxproj", "{C1F8575E-866C-494B-8C23-82169D404D5D}"
EndProject
Project("{FAE04EC0-301F-11D3-BF4B-00C04F79EFBC}") = "004_bmiCS", "004_bmiCS\004_bmiCS.csproj", "{5DC836CF-B58D-4DBB-8712-C1D58B3277FF}"
EndProject
Project("{FAE04EC0-301F-11D3-BF4B-00C04F79EFBC}") = "005_bmiForm", "005_bmiForm\005_bmiForm.csproj", "{A43D9053-CB0F-4513-9643-423824BFB19A}"
EndProject
Project("{FAE04EC0-301F-11D3-BF4B-00C04F79EFBC}") = "006_bmiForm", "006_bmiForm\006_bmiForm.csproj", "{806E8171-2BA3-4FF7-BF02-066BC8B15498}"
EndProject
Project("{FAE04EC0-301F-11D3-BF4B-00C04F79EFBC}") = "007_Login", "007_Login\007_Login.csproj", "{44335BC3-7F43-421C-80CF-8DA8E00B6918}"
EndProject
Project("{FAE04EC0-301F-11D3-BF4B-00C04F79EFBC}") = "008_Console", "008_Console\008_Console.csproj", "{DDB89347-DBEF-43B6-B44A-CD644816BAAC}"
EndProject
Project("{FAE04EC0-301F-11D3-BF4B-00C04F79EFBC}") = "009_BasicControls", "008_BasicControls\009_BasicControls.csproj", "{7C88A8E2-8B77-4E93-8C92-CE7ED1CEB143}"
EndProject
Project("{FAE04EC0-301F-11D3-BF4B-00C04F79EFBC}") = "010_MessageBox", "010_MessageBox\010_MessageBox.csproj", "{0BA141E7-83BC-4182-8B46-5A562120A672}"
EndProject
Project("{FAE04EC0-301F-11D3-BF4B-00C04F79EFBC}") = "011_Label", "011_Label\011_Label.csproj", "{195DD4A9-93F9-473A-9282-D1E5F5B4D146}"
EndProject
Project("{FAE04EC0-301F-11D3-BF4B-00C04F79EFBC}") = "012_CheckBox", "012_CheckBox\012_CheckBox.csproj", "{20F31241-9F5E-4045-B204-66CF8A946753}"
EndProject
Project("{FAE04EC0-301F-11D3-BF4B-00C04F79EFBC}") = "013_exchageRate", "013_exchageRate\013_exchageRate.csproj", "{90B64892-BB54-423F-8584-CA6ED5293601}"
EndProject
Project("{FAE04EC0-301F-11D3-BF4B-00C04F79EFBC}") = "014_RadioButton", "014_RadioButton\014_RadioButton.csproj", "{D7703B33-2F71-4D8C-AE00-A35F0333C8AB}"
EndProject
Project("{FAE04EC0-301F-11D3-BF4B-00C04F79EFBC}") = "015_ScoreCalc", "015_ScoreCalc\015_ScoreCalc.csproj", "{EF090CB1-1D01-4AC0-A944-3C046539024A}"
EndProject
Project("{FAE04EC0-301F-11D3-BF4B-00C04F79EFBC}") = "016_gradeCalc", "016_gradeCalc\016_gradeCalc.csproj", "{93B0E3C6-58F4-4156-A00A-C7AB657ADF2A}"
EndProject
Project("{FAE04EC0-301F-11D3-BF4B-00C04F79EFBC}") = "017_chart", "017_chart\017_chart.csproj", "{DF51C241-C8ED-4840-8158-18DC3EF18A53}"
EndProject
Project("{FAE04EC0-301F-11D3-BF4B-00C04F79EFBC}") = "018_Chart2", "018_Chart2\018_Chart2.csproj", "{ACEC9CFB-85EC-47CE-B90C-6157D22EA694}"
EndProject
Project("{FAE04EC0-301F-11D3-BF4B-00C04F79EFBC}") = "019_Graph", "019_Graph\019_Graph.csproj", "{F822BCCB-3FC9-4458-B685-E5E5D6F90350}"
EndProject
Project("{FAE04EC0-301F-11D3-BF4B-00C04F79EFBC}") = "020_dClock", "020_dClock\020_dClock.csproj", "{D7A3F0DE-5417-4406-90A1-3C8CD96C6C52}"
EndProject
Project("{FAE04EC0-301F-11D3-BF4B-00C04F79EFBC}") = "021_loop", "021_loop\021_loop.csproj", "{51216C3A-747E-43B2-9987-DD7559A95B6B}"
EndProject
Project("{FAE04EC0-301F-11D3-BF4B-00C04F79EFBC}") = "022_class", "022_class\022_class.csproj", "{DD974E8B-A431-4089-BAC6-CF663A2217C6}"
EndProject
Project("{FAE04EC0-301F-11D3-BF4B-00C04F79EFBC}") = "023_InstanceNStatic", "023_InstanceNStatic\023_InstanceNStatic.csproj", "{C2B9E56A-3F01-44BB-BB1E-EBB6C37616EA}"
EndProject
Project("{FAE04EC0-301F-11D3-BF4B-00C04F79EFBC}") = "024_Rectangle", "024_Rectangle\024_Rectangle.csproj", "{2B93092D-F3F6-4E2B-A265-C272C3D517E6}"
EndProject
Project("{FAE04EC0-301F-11D3-BF4B-00C04F79EFBC}") = "025_Rectangle", "025_Rectangle\025_Rectangle.csproj", "{C11E40CA-CE22-4857-9961-A0E5360A0EA1}"
EndProject
Project("{FAE04EC0-301F-11D3-BF4B-00C04F79EFBC}") = "026_susi2_1", "026_susi2_1\026_susi2_1.csproj", "{8B2CBCA4-4D3C-47B9-8AAC-05B6C6760F0D}"
EndProject
Global
	GlobalSection(SolutionConfigurationPlatforms) = preSolution
		Debug|Any CPU = Debug|Any CPU
		Debug|x64 = Debug|x64
		Debug|x86 = Debug|x86
		Release|Any CPU = Release|Any CPU
		Release|x64 = Release|x64
		Release|x86 = Release|x86
	EndGlobalSection
	GlobalSection(ProjectConfigurationPlatforms) = postSolution
		{B8316654-128D-4270-8566-2AB7A0FBD4DD}.Debug|Any CPU.ActiveCfg = Debug|x64
		{B8316654-128D-4270-8566-2AB7A0FBD4DD}.Debug|Any CPU.Build.0 = Debug|x64
		{B8316654-128D-4270-8566-2AB7A0FBD4DD}.Debug|x64.ActiveCfg = Debug|x64
		{B8316654-128D-4270-8566-2AB7A0FBD4DD}.Debug|x64.Build.0 = Debug|x64
		{B8316654-128D-4270-8566-2AB7A0FBD4DD}.Debug|x86.ActiveCfg = Debug|Win32
		{B8316654-128D-4270-8566-2AB7A0FBD4DD}.Debug|x86.Build.0 = Debug|Win32
		{B8316654-128D-4270-8566-2AB7A0FBD4DD}.Release|Any CPU.ActiveCfg = Release|x64
		{B8316654-128D-4270-8566-2AB7A0FBD4DD}.Release|Any CPU.Build.0 = Release|x64
		{B8316654-128D-4270-8566-2AB7A0FBD4DD}.Release|x64.ActiveCfg = Release|x64
		{B8316654-128D-4270-8566-2AB7A0FBD4DD}.Release|x64.Build.0 = Release|x64
		{B8316654-128D-4270-8566-2AB7A0FBD4DD}.Release|x86.ActiveCfg = Release|Win32
		{B8316654-128D-4270-8566-2AB7A0FBD4DD}.Release|x86.Build.0 = Release|Win32
		{C1F8575E-866C-494B-8C23-82169D404D5D}.Debug|Any CPU.ActiveCfg = Debug|x64
		{C1F8575E-866C-494B-8C23-82169D404D5D}.Debug|Any CPU.Build.0 = Debug|x64
		{C1F8575E-866C-494B-8C23-82169D404D5D}.Debug|x64.ActiveCfg = Debug|x64
		{C1F8575E-866C-494B-8C23-82169D404D5D}.Debug|x64.Build.0 = Debug|x64
		{C1F8575E-866C-494B-8C23-82169D404D5D}.Debug|x86.ActiveCfg = Debug|Win32
		{C1F8575E-866C-494B-8C23-82169D404D5D}.Debug|x86.Build.0 = Debug|Win32
		{C1F8575E-866C-494B-8C23-82169D404D5D}.Release|Any CPU.ActiveCfg = Release|x64
		{C1F8575E-866C-494B-8C23-82169D404D5D}.Release|Any CPU.Build.0 = Release|x64
		{C1F8575E-866C-494B-8C23-82169D404D5D}.Release|x64.ActiveCfg = Release|x64
		{C1F8575E-866C-494B-8C23-82169D404D5D}.Release|x64.Build.0 = Release|x64
		{C1F8575E-866C-494B-8C23-82169D404D5D}.Release|x86.ActiveCfg = Release|Win32
		{C1F8575E-866C-494B-8C23-82169D404D5D}.Release|x86.Build.0 = Release|Win32
		{5DC836CF-B58D-4DBB-8712-C1D58B3277FF}.Debug|Any CPU.ActiveCfg = Debug|Any CPU
		{5DC836CF-B58D-4DBB-8712-C1D58B3277FF}.Debug|Any CPU.Build.0 = Debug|Any CPU
		{5DC836CF-B58D-4DBB-8712-C1D58B3277FF}.Debug|x64.ActiveCfg = Debug|Any CPU
		{5DC836CF-B58D-4DBB-8712-C1D58B3277FF}.Debug|x64.Build.0 = Debug|Any CPU
		{5DC836CF-B58D-4DBB-8712-C1D58B3277FF}.Debug|x86.ActiveCfg = Debug|Any CPU
		{5DC836CF-B58D-4DBB-8712-C1D58B3277FF}.Debug|x86.Build.0 = Debug|Any CPU
		{5DC836CF-B58D-4DBB-8712-C1D58B3277FF}.Release|Any CPU.ActiveCfg = Release|Any CPU
		{5DC836CF-B58D-4DBB-8712-C1D58B3277FF}.Release|Any CPU.Build.0 = Release|Any CPU
		{5DC836CF-B58D-4DBB-8712-C1D58B3277FF}.Release|x64.ActiveCfg = Release|Any CPU
		{5DC836CF-B58D-4DBB-8712-C1D58B3277FF}.Release|x64.Build.0 = Release|Any CPU
		{5DC836CF-B58D-4DBB-8712-C1D58B3277FF}.Release|x86.ActiveCfg = Release|Any CPU
		{5DC836CF-B58D-4DBB-8712-C1D58B3277FF}.Release|x86.Build.0 = Release|Any CPU
		{A43D9053-CB0F-4513-9643-423824BFB19A}.Debug|Any CPU.ActiveCfg = Debug|Any CPU
		{A43D9053-CB0F-4513-9643-423824BFB19A}.Debug|Any CPU.Build.0 = Debug|Any CPU
		{A43D9053-CB0F-4513-9643-423824BFB19A}.Debug|x64.ActiveCfg = Debug|Any CPU
		{A43D9053-CB0F-4513-9643-423824BFB19A}.Debug|x64.Build.0 = Debug|Any CPU
		{A43D9053-CB0F-4513-9643-423824BFB19A}.Debug|x86.ActiveCfg = Debug|Any CPU
		{A43D9053-CB0F-4513-9643-423824BFB19A}.Debug|x86.Build.0 = Debug|Any CPU
		{A43D9053-CB0F-4513-9643-423824BFB19A}.Release|Any CPU.ActiveCfg = Release|Any CPU
		{A43D9053-CB0F-4513-9643-423824BFB19A}.Release|Any CPU.Build.0 = Release|Any CPU
		{A43D9053-CB0F-4513-9643-423824BFB19A}.Release|x64.ActiveCfg = Release|Any CPU
		{A43D9053-CB0F-4513-9643-423824BFB19A}.Release|x64.Build.0 = Release|Any CPU
		{A43D9053-CB0F-4513-9643-423824BFB19A}.Release|x86.ActiveCfg = Release|Any CPU
		{A43D9053-CB0F-4513-9643-423824BFB19A}.Release|x86.Build.0 = Release|Any CPU
		{806E8171-2BA3-4FF7-BF02-066BC8B15498}.Debug|Any CPU.ActiveCfg = Debug|Any CPU
		{806E8171-2BA3-4FF7-BF02-066BC8B15498}.Debug|Any CPU.Build.0 = Debug|Any CPU
		{806E8171-2BA3-4FF7-BF02-066BC8B15498}.Debug|x64.ActiveCfg = Debug|Any CPU
		{806E8171-2BA3-4FF7-BF02-066BC8B15498}.Debug|x64.Build.0 = Debug|Any CPU
		{806E8171-2BA3-4FF7-BF02-066BC8B15498}.Debug|x86.ActiveCfg = Debug|Any CPU
		{806E8171-2BA3-4FF7-BF02-066BC8B15498}.Debug|x86.Build.0 = Debug|Any CPU
		{806E8171-2BA3-4FF7-BF02-066BC8B15498}.Release|Any CPU.ActiveCfg = Release|Any CPU
		{806E8171-2BA3-4FF7-BF02-066BC8B15498}.Release|Any CPU.Build.0 = Release|Any CPU
		{806E8171-2BA3-4FF7-BF02-066BC8B15498}.Release|x64.ActiveCfg = Release|Any CPU
		{806E8171-2BA3-4FF7-BF02-066BC8B15498}.Release|x64.Build.0 = Release|Any CPU
		{806E8171-2BA3-4FF7-BF02-066BC8B15498}.Release|x86.ActiveCfg = Release|Any CPU
		{806E8171-2BA3-4FF7-BF02-066BC8B15498}.Release|x86.Build.0 = Release|Any CPU
		{44335BC3-7F43-421C-80CF-8DA8E00B6918}.Debug|Any CPU.ActiveCfg = Debug|Any CPU
		{44335BC3-7F43-421C-80CF-8DA8E00B6918}.Debug|Any CPU.Build.0 = Debug|Any CPU
		{44335BC3-7F43-421C-80CF-8DA8E00B6918}.Debug|x64.ActiveCfg = Debug|Any CPU
		{44335BC3-7F43-421C-80CF-8DA8E00B6918}.Debug|x64.Build.0 = Debug|Any CPU
		{44335BC3-7F43-421C-80CF-8DA8E00B6918}.Debug|x86.ActiveCfg = Debug|Any CPU
		{44335BC3-7F43-421C-80CF-8DA8E00B6918}.Debug|x86.Build.0 = Debug|Any CPU
		{44335BC3-7F43-421C-80CF-8DA8E00B6918}.Release|Any CPU.ActiveCfg = Release|Any CPU
		{44335BC3-7F43-421C-80CF-8DA8E00B6918}.Release|Any CPU.Build.0 = Release|Any CPU
		{44335BC3-7F43-421C-80CF-8DA8E00B6918}.Release|x64.ActiveCfg = Release|Any CPU
		{44335BC3-7F43-421C-80CF-8DA8E00B6918}.Release|x64.Build.0 = Release|Any CPU
		{44335BC3-7F43-421C-80CF-8DA8E00B6918}.Release|x86.ActiveCfg = Release|Any CPU
		{44335BC3-7F43-421C-80CF-8DA8E00B6918}.Release|x86.Build.0 = Release|Any CPU
		{DDB89347-DBEF-43B6-B44A-CD644816BAAC}.Debug|Any CPU.ActiveCfg = Debug|Any CPU
		{DDB89347-DBEF-43B6-B44A-CD644816BAAC}.Debug|Any CPU.Build.0 = Debug|Any CPU
		{DDB89347-DBEF-43B6-B44A-CD644816BAAC}.Debug|x64.ActiveCfg = Debug|Any CPU
		{DDB89347-DBEF-43B6-B44A-CD644816BAAC}.Debug|x64.Build.0 = Debug|Any CPU
		{DDB89347-DBEF-43B6-B44A-CD644816BAAC}.Debug|x86.ActiveCfg = Debug|Any CPU
		{DDB89347-DBEF-43B6-B44A-CD644816BAAC}.Debug|x86.Build.0 = Debug|Any CPU
		{DDB89347-DBEF-43B6-B44A-CD644816BAAC}.Release|Any CPU.ActiveCfg = Release|Any CPU
		{DDB89347-DBEF-43B6-B44A-CD644816BAAC}.Release|Any CPU.Build.0 = Release|Any CPU
		{DDB89347-DBEF-43B6-B44A-CD644816BAAC}.Release|x64.ActiveCfg = Release|Any CPU
		{DDB89347-DBEF-43B6-B44A-CD644816BAAC}.Release|x64.Build.0 = Release|Any CPU
		{DDB89347-DBEF-43B6-B44A-CD644816BAAC}.Release|x86.ActiveCfg = Release|Any CPU
		{DDB89347-DBEF-43B6-B44A-CD644816BAAC}.Release|x86.Build.0 = Release|Any CPU
		{7C88A8E2-8B77-4E93-8C92-CE7ED1CEB143}.Debug|Any CPU.ActiveCfg = Debug|Any CPU
		{7C88A8E2-8B77-4E93-8C92-CE7ED1CEB143}.Debug|Any CPU.Build.0 = Debug|Any CPU
		{7C88A8E2-8B77-4E93-8C92-CE7ED1CEB143}.Debug|x64.ActiveCfg = Debug|Any CPU
		{7C88A8E2-8B77-4E93-8C92-CE7ED1CEB143}.Debug|x64.Build.0 = Debug|Any CPU
		{7C88A8E2-8B77-4E93-8C92-CE7ED1CEB143}.Debug|x86.ActiveCfg = Debug|Any CPU
		{7C88A8E2-8B77-4E93-8C92-CE7ED1CEB143}.Debug|x86.Build.0 = Debug|Any CPU
		{7C88A8E2-8B77-4E93-8C92-CE7ED1CEB143}.Release|Any CPU.ActiveCfg = Release|Any CPU
		{7C88A8E2-8B77-4E93-8C92-CE7ED1CEB143}.Release|Any CPU.Build.0 = Release|Any CPU
		{7C88A8E2-8B77-4E93-8C92-CE7ED1CEB143}.Release|x64.ActiveCfg = Release|Any CPU
		{7C88A8E2-8B77-4E93-8C92-CE7ED1CEB143}.Release|x64.Build.0 = Release|Any CPU
		{7C88A8E2-8B77-4E93-8C92-CE7ED1CEB143}.Release|x86.ActiveCfg = Release|Any CPU
		{7C88A8E2-8B77-4E93-8C92-CE7ED1CEB143}.Release|x86.Build.0 = Release|Any CPU
		{0BA141E7-83BC-4182-8B46-5A562120A672}.Debug|Any CPU.ActiveCfg = Debug|Any CPU
		{0BA141E7-83BC-4182-8B46-5A562120A672}.Debug|Any CPU.Build.0 = Debug|Any CPU
		{0BA141E7-83BC-4182-8B46-5A562120A672}.Debug|x64.ActiveCfg = Debug|Any CPU
		{0BA141E7-83BC-4182-8B46-5A562120A672}.Debug|x64.Build.0 = Debug|Any CPU
		{0BA141E7-83BC-4182-8B46-5A562120A672}.Debug|x86.ActiveCfg = Debug|Any CPU
		{0BA141E7-83BC-4182-8B46-5A562120A672}.Debug|x86.Build.0 = Debug|Any CPU
		{0BA141E7-83BC-4182-8B46-5A562120A672}.Release|Any CPU.ActiveCfg = Release|Any CPU
		{0BA141E7-83BC-4182-8B46-5A562120A672}.Release|Any CPU.Build.0 = Release|Any CPU
		{0BA141E7-83BC-4182-8B46-5A562120A672}.Release|x64.ActiveCfg = Release|Any CPU
		{0BA141E7-83BC-4182-8B46-5A562120A672}.Release|x64.Build.0 = Release|Any CPU
		{0BA141E7-83BC-4182-8B46-5A562120A672}.Release|x86.ActiveCfg = Release|Any CPU
		{0BA141E7-83BC-4182-8B46-5A562120A672}.Release|x86.Build.0 = Release|Any CPU
		{195DD4A9-93F9-473A-9282-D1E5F5B4D146}.Debug|Any CPU.ActiveCfg = Debug|Any CPU
		{195DD4A9-93F9-473A-9282-D1E5F5B4D146}.Debug|Any CPU.Build.0 = Debug|Any CPU
		{195DD4A9-93F9-473A-9282-D1E5F5B4D146}.Debug|x64.ActiveCfg = Debug|Any CPU
		{195DD4A9-93F9-473A-9282-D1E5F5B4D146}.Debug|x64.Build.0 = Debug|Any CPU
		{195DD4A9-93F9-473A-9282-D1E5F5B4D146}.Debug|x86.ActiveCfg = Debug|Any CPU
		{195DD4A9-93F9-473A-9282-D1E5F5B4D146}.Debug|x86.Build.0 = Debug|Any CPU
		{195DD4A9-93F9-473A-9282-D1E5F5B4D146}.Release|Any CPU.ActiveCfg = Release|Any CPU
		{195DD4A9-93F9-473A-9282-D1E5F5B4D146}.Release|Any CPU.Build.0 = Release|Any CPU
		{195DD4A9-93F9-473A-9282-D1E5F5B4D146}.Release|x64.ActiveCfg = Release|Any CPU
		{195DD4A9-93F9-473A-9282-D1E5F5B4D146}.Release|x64.Build.0 = Release|Any CPU
		{195DD4A9-93F9-473A-9282-D1E5F5B4D146}.Release|x86.ActiveCfg = Release|Any CPU
		{195DD4A9-93F9-473A-9282-D1E5F5B4D146}.Release|x86.Build.0 = Release|Any CPU
		{20F31241-9F5E-4045-B204-66CF8A946753}.Debug|Any CPU.ActiveCfg = Debug|Any CPU
		{20F31241-9F5E-4045-B204-66CF8A946753}.Debug|Any CPU.Build.0 = Debug|Any CPU
		{20F31241-9F5E-4045-B204-66CF8A946753}.Debug|x64.ActiveCfg = Debug|Any CPU
		{20F31241-9F5E-4045-B204-66CF8A946753}.Debug|x64.Build.0 = Debug|Any CPU
		{20F31241-9F5E-4045-B204-66CF8A946753}.Debug|x86.ActiveCfg = Debug|Any CPU
		{20F31241-9F5E-4045-B204-66CF8A946753}.Debug|x86.Build.0 = Debug|Any CPU
		{20F31241-9F5E-4045-B204-66CF8A946753}.Release|Any CPU.ActiveCfg = Release|Any CPU
		{20F31241-9F5E-4045-B204-66CF8A946753}.Release|Any CPU.Build.0 = Release|Any CPU
		{20F31241-9F5E-4045-B204-66CF8A946753}.Release|x64.ActiveCfg = Release|Any CPU
		{20F31241-9F5E-4045-B204-66CF8A946753}.Release|x64.Build.0 = Release|Any CPU
		{20F31241-9F5E-4045-B204-66CF8A946753}.Release|x86.ActiveCfg = Release|Any CPU
		{20F31241-9F5E-4045-B204-66CF8A946753}.Release|x86.Build.0 = Release|Any CPU
		{90B64892-BB54-423F-8584-CA6ED5293601}.Debug|Any CPU.ActiveCfg = Debug|Any CPU
		{90B64892-BB54-423F-8584-CA6ED5293601}.Debug|Any CPU.Build.0 = Debug|Any CPU
		{90B64892-BB54-423F-8584-CA6ED5293601}.Debug|x64.ActiveCfg = Debug|Any CPU
		{90B64892-BB54-423F-8584-CA6ED5293601}.Debug|x64.Build.0 = Debug|Any CPU
		{90B64892-BB54-423F-8584-CA6ED5293601}.Debug|x86.ActiveCfg = Debug|Any CPU
		{90B64892-BB54-423F-8584-CA6ED5293601}.Debug|x86.Build.0 = Debug|Any CPU
		{90B64892-BB54-423F-8584-CA6ED5293601}.Release|Any CPU.ActiveCfg = Release|Any CPU
		{90B64892-BB54-423F-8584-CA6ED5293601}.Release|Any CPU.Build.0 = Release|Any CPU
		{90B64892-BB54-423F-8584-CA6ED5293601}.Release|x64.ActiveCfg = Release|Any CPU
		{90B64892-BB54-423F-8584-CA6ED5293601}.Release|x64.Build.0 = Release|Any CPU
		{90B64892-BB54-423F-8584-CA6ED5293601}.Release|x86.ActiveCfg = Release|Any CPU
		{90B64892-BB54-423F-8584-CA6ED5293601}.Release|x86.Build.0 = Release|Any CPU
		{D7703B33-2F71-4D8C-AE00-A35F0333C8AB}.Debug|Any CPU.ActiveCfg = Debug|Any CPU
		{D7703B33-2F71-4D8C-AE00-A35F0333C8AB}.Debug|Any CPU.Build.0 = Debug|Any CPU
		{D7703B33-2F71-4D8C-AE00-A35F0333C8AB}.Debug|x64.ActiveCfg = Debug|Any CPU
		{D7703B33-2F71-4D8C-AE00-A35F0333C8AB}.Debug|x64.Build.0 = Debug|Any CPU
		{D7703B33-2F71-4D8C-AE00-A35F0333C8AB}.Debug|x86.ActiveCfg = Debug|Any CPU
		{D7703B33-2F71-4D8C-AE00-A35F0333C8AB}.Debug|x86.Build.0 = Debug|Any CPU
		{D7703B33-2F71-4D8C-AE00-A35F0333C8AB}.Release|Any CPU.ActiveCfg = Release|Any CPU
		{D7703B33-2F71-4D8C-AE00-A35F0333C8AB}.Release|Any CPU.Build.0 = Release|Any CPU
		{D7703B33-2F71-4D8C-AE00-A35F0333C8AB}.Release|x64.ActiveCfg = Release|Any CPU
		{D7703B33-2F71-4D8C-AE00-A35F0333C8AB}.Release|x64.Build.0 = Release|Any CPU
		{D7703B33-2F71-4D8C-AE00-A35F0333C8AB}.Release|x86.ActiveCfg = Release|Any CPU
		{D7703B33-2F71-4D8C-AE00-A35F0333C8AB}.Release|x86.Build.0 = Release|Any CPU
		{EF090CB1-1D01-4AC0-A944-3C046539024A}.Debug|Any CPU.ActiveCfg = Debug|Any CPU
		{EF090CB1-1D01-4AC0-A944-3C046539024A}.Debug|Any CPU.Build.0 = Debug|Any CPU
		{EF090CB1-1D01-4AC0-A944-3C046539024A}.Debug|x64.ActiveCfg = Debug|Any CPU
		{EF090CB1-1D01-4AC0-A944-3C046539024A}.Debug|x64.Build.0 = Debug|Any CPU
		{EF090CB1-1D01-4AC0-A944-3C046539024A}.Debug|x86.ActiveCfg = Debug|Any CPU
		{EF090CB1-1D01-4AC0-A944-3C046539024A}.Debug|x86.Build.0 = Debug|Any CPU
		{EF090CB1-1D01-4AC0-A944-3C046539024A}.Release|Any CPU.ActiveCfg = Release|Any CPU
		{EF090CB1-1D01-4AC0-A944-3C046539024A}.Release|Any CPU.Build.0 = Release|Any CPU
		{EF090CB1-1D01-4AC0-A944-3C046539024A}.Release|x64.ActiveCfg = Release|Any CPU
		{EF090CB1-1D01-4AC0-A944-3C046539024A}.Release|x64.Build.0 = Release|Any CPU
		{EF090CB1-1D01-4AC0-A944-3C046539024A}.Release|x86.ActiveCfg = Release|Any CPU
		{EF090CB1-1D01-4AC0-A944-3C046539024A}.Release|x86.Build.0 = Release|Any CPU
		{93B0E3C6-58F4-4156-A00A-C7AB657ADF2A}.Debug|Any CPU.ActiveCfg = Debug|Any CPU
		{93B0E3C6-58F4-4156-A00A-C7AB657ADF2A}.Debug|Any CPU.Build.0 = Debug|Any CPU
		{93B0E3C6-58F4-4156-A00A-C7AB657ADF2A}.Debug|x64.ActiveCfg = Debug|Any CPU
		{93B0E3C6-58F4-4156-A00A-C7AB657ADF2A}.Debug|x64.Build.0 = Debug|Any CPU
		{93B0E3C6-58F4-4156-A00A-C7AB657ADF2A}.Debug|x86.ActiveCfg = Debug|Any CPU
		{93B0E3C6-58F4-4156-A00A-C7AB657ADF2A}.Debug|x86.Build.0 = Debug|Any CPU
		{93B0E3C6-58F4-4156-A00A-C7AB657ADF2A}.Release|Any CPU.ActiveCfg = Release|Any CPU
		{93B0E3C6-58F4-4156-A00A-C7AB657ADF2A}.Release|Any CPU.Build.0 = Release|Any CPU
		{93B0E3C6-58F4-4156-A00A-C7AB657ADF2A}.Release|x64.ActiveCfg = Release|Any CPU
		{93B0E3C6-58F4-4156-A00A-C7AB657ADF2A}.Release|x64.Build.0 = Release|Any CPU
		{93B0E3C6-58F4-4156-A00A-C7AB657ADF2A}.Release|x86.ActiveCfg = Release|Any CPU
		{93B0E3C6-58F4-4156-A00A-C7AB657ADF2A}.Release|x86.Build.0 = Release|Any CPU
		{DF51C241-C8ED-4840-8158-18DC3EF18A53}.Debug|Any CPU.ActiveCfg = Debug|Any CPU
		{DF51C241-C8ED-4840-8158-18DC3EF18A53}.Debug|Any CPU.Build.0 = Debug|Any CPU
		{DF51C241-C8ED-4840-8158-18DC3EF18A53}.Debug|x64.ActiveCfg = Debug|Any CPU
		{DF51C241-C8ED-4840-8158-18DC3EF18A53}.Debug|x64.Build.0 = Debug|Any CPU
		{DF51C241-C8ED-4840-8158-18DC3EF18A53}.Debug|x86.ActiveCfg = Debug|Any CPU
		{DF51C241-C8ED-4840-8158-18DC3EF18A53}.Debug|x86.Build.0 = Debug|Any CPU
		{DF51C241-C8ED-4840-8158-18DC3EF18A53}.Release|Any CPU.ActiveCfg = Release|Any CPU
		{DF51C241-C8ED-4840-8158-18DC3EF18A53}.Release|Any CPU.Build.0 = Release|Any CPU
		{DF51C241-C8ED-4840-8158-18DC3EF18A53}.Release|x64.ActiveCfg = Release|Any CPU
		{DF51C241-C8ED-4840-8158-18DC3EF18A53}.Release|x64.Build.0 = Release|Any CPU
		{DF51C241-C8ED-4840-8158-18DC3EF18A53}.Release|x86.ActiveCfg = Release|Any CPU
		{DF51C241-C8ED-4840-8158-18DC3EF18A53}.Release|x86.Build.0 = Release|Any CPU
		{ACEC9CFB-85EC-47CE-B90C-6157D22EA694}.Debug|Any CPU.ActiveCfg = Debug|Any CPU
		{ACEC9CFB-85EC-47CE-B90C-6157D22EA694}.Debug|Any CPU.Build.0 = Debug|Any CPU
		{ACEC9CFB-85EC-47CE-B90C-6157D22EA694}.Debug|x64.ActiveCfg = Debug|Any CPU
		{ACEC9CFB-85EC-47CE-B90C-6157D22EA694}.Debug|x64.Build.0 = Debug|Any CPU
		{ACEC9CFB-85EC-47CE-B90C-6157D22EA694}.Debug|x86.ActiveCfg = Debug|Any CPU
		{ACEC9CFB-85EC-47CE-B90C-6157D22EA694}.Debug|x86.Build.0 = Debug|Any CPU
		{ACEC9CFB-85EC-47CE-B90C-6157D22EA694}.Release|Any CPU.ActiveCfg = Release|Any CPU
		{ACEC9CFB-85EC-47CE-B90C-6157D22EA694}.Release|Any CPU.Build.0 = Release|Any CPU
		{ACEC9CFB-85EC-47CE-B90C-6157D22EA694}.Release|x64.ActiveCfg = Release|Any CPU
		{ACEC9CFB-85EC-47CE-B90C-6157D22EA694}.Release|x64.Build.0 = Release|Any CPU
		{ACEC9CFB-85EC-47CE-B90C-6157D22EA694}.Release|x86.ActiveCfg = Release|Any CPU
		{ACEC9CFB-85EC-47CE-B90C-6157D22EA694}.Release|x86.Build.0 = Release|Any CPU
		{F822BCCB-3FC9-4458-B685-E5E5D6F90350}.Debug|Any CPU.ActiveCfg = Debug|Any CPU
		{F822BCCB-3FC9-4458-B685-E5E5D6F90350}.Debug|Any CPU.Build.0 = Debug|Any CPU
		{F822BCCB-3FC9-4458-B685-E5E5D6F90350}.Debug|x64.ActiveCfg = Debug|Any CPU
		{F822BCCB-3FC9-4458-B685-E5E5D6F90350}.Debug|x64.Build.0 = Debug|Any CPU
		{F822BCCB-3FC9-4458-B685-E5E5D6F90350}.Debug|x86.ActiveCfg = Debug|Any CPU
		{F822BCCB-3FC9-4458-B685-E5E5D6F90350}.Debug|x86.Build.0 = Debug|Any CPU
		{F822BCCB-3FC9-4458-B685-E5E5D6F90350}.Release|Any CPU.ActiveCfg = Release|Any CPU
		{F822BCCB-3FC9-4458-B685-E5E5D6F90350}.Release|Any CPU.Build.0 = Release|Any CPU
		{F822BCCB-3FC9-4458-B685-E5E5D6F90350}.Release|x64.ActiveCfg = Release|Any CPU
		{F822BCCB-3FC9-4458-B685-E5E5D6F90350}.Release|x64.Build.0 = Release|Any CPU
		{F822BCCB-3FC9-4458-B685-E5E5D6F90350}.Release|x86.ActiveCfg = Release|Any CPU
		{F822BCCB-3FC9-4458-B685-E5E5D6F90350}.Release|x86.Build.0 = Release|Any CPU
		{D7A3F0DE-5417-4406-90A1-3C8CD96C6C52}.Debug|Any CPU.ActiveCfg = Debug|Any CPU
		{D7A3F0DE-5417-4406-90A1-3C8CD96C6C52}.Debug|Any CPU.Build.0 = Debug|Any CPU
		{D7A3F0DE-5417-4406-90A1-3C8CD96C6C52}.Debug|x64.ActiveCfg = Debug|Any CPU
		{D7A3F0DE-5417-4406-90A1-3C8CD96C6C52}.Debug|x64.Build.0 = Debug|Any CPU
		{D7A3F0DE-5417-4406-90A1-3C8CD96C6C52}.Debug|x86.ActiveCfg = Debug|Any CPU
		{D7A3F0DE-5417-4406-90A1-3C8CD96C6C52}.Debug|x86.Build.0 = Debug|Any CPU
		{D7A3F0DE-5417-4406-90A1-3C8CD96C6C52}.Release|Any CPU.ActiveCfg = Release|Any CPU
		{D7A3F0DE-5417-4406-90A1-3C8CD96C6C52}.Release|Any CPU.Build.0 = Release|Any CPU
		{D7A3F0DE-5417-4406-90A1-3C8CD96C6C52}.Release|x64.ActiveCfg = Release|Any CPU
		{D7A3F0DE-5417-4406-90A1-3C8CD96C6C52}.Release|x64.Build.0 = Release|Any CPU
		{D7A3F0DE-5417-4406-90A1-3C8CD96C6C52}.Release|x86.ActiveCfg = Release|Any CPU
		{D7A3F0DE-5417-4406-90A1-3C8CD96C6C52}.Release|x86.Build.0 = Release|Any CPU
		{51216C3A-747E-43B2-9987-DD7559A95B6B}.Debug|Any CPU.ActiveCfg = Debug|Any CPU
		{51216C3A-747E-43B2-9987-DD7559A95B6B}.Debug|Any CPU.Build.0 = Debug|Any CPU
		{51216C3A-747E-43B2-9987-DD7559A95B6B}.Debug|x64.ActiveCfg = Debug|Any CPU
		{51216C3A-747E-43B2-9987-DD7559A95B6B}.Debug|x64.Build.0 = Debug|Any CPU
		{51216C3A-747E-43B2-9987-DD7559A95B6B}.Debug|x86.ActiveCfg = Debug|Any CPU
		{51216C3A-747E-43B2-9987-DD7559A95B6B}.Debug|x86.Build.0 = Debug|Any CPU
		{51216C3A-747E-43B2-9987-DD7559A95B6B}.Release|Any CPU.ActiveCfg = Release|Any CPU
		{51216C3A-747E-43B2-9987-DD7559A95B6B}.Release|Any CPU.Build.0 = Release|Any CPU
		{51216C3A-747E-43B2-9987-DD7559A95B6B}.Release|x64.ActiveCfg = Release|Any CPU
		{51216C3A-747E-43B2-9987-DD7559A95B6B}.Release|x64.Build.0 = Release|Any CPU
		{51216C3A-747E-43B2-9987-DD7559A95B6B}.Release|x86.ActiveCfg = Release|Any CPU
		{51216C3A-747E-43B2-9987-DD7559A95B6B}.Release|x86.Build.0 = Release|Any CPU
		{DD974E8B-A431-4089-BAC6-CF663A2217C6}.Debug|Any CPU.ActiveCfg = Debug|Any CPU
		{DD974E8B-A431-4089-BAC6-CF663A2217C6}.Debug|Any CPU.Build.0 = Debug|Any CPU
		{DD974E8B-A431-4089-BAC6-CF663A2217C6}.Debug|x64.ActiveCfg = Debug|Any CPU
		{DD974E8B-A431-4089-BAC6-CF663A2217C6}.Debug|x64.Build.0 = Debug|Any CPU
		{DD974E8B-A431-4089-BAC6-CF663A2217C6}.Debug|x86.ActiveCfg = Debug|Any CPU
		{DD974E8B-A431-4089-BAC6-CF663A2217C6}.Debug|x86.Build.0 = Debug|Any CPU
		{DD974E8B-A431-4089-BAC6-CF663A2217C6}.Release|Any CPU.ActiveCfg = Release|Any CPU
		{DD974E8B-A431-4089-BAC6-CF663A2217C6}.Release|Any CPU.Build.0 = Release|Any CPU
		{DD974E8B-A431-4089-BAC6-CF663A2217C6}.Release|x64.ActiveCfg = Release|Any CPU
		{DD974E8B-A431-4089-BAC6-CF663A2217C6}.Release|x64.Build.0 = Release|Any CPU
		{DD974E8B-A431-4089-BAC6-CF663A2217C6}.Release|x86.ActiveCfg = Release|Any CPU
		{DD974E8B-A431-4089-BAC6-CF663A2217C6}.Release|x86.Build.0 = Release|Any CPU
		{C2B9E56A-3F01-44BB-BB1E-EBB6C37616EA}.Debug|Any CPU.ActiveCfg = Debug|Any CPU
		{C2B9E56A-3F01-44BB-BB1E-EBB6C37616EA}.Debug|Any CPU.Build.0 = Debug|Any CPU
		{C2B9E56A-3F01-44BB-BB1E-EBB6C37616EA}.Debug|x64.ActiveCfg = Debug|Any CPU
		{C2B9E56A-3F01-44BB-BB1E-EBB6C37616EA}.Debug|x64.Build.0 = Debug|Any CPU
		{C2B9E56A-3F01-44BB-BB1E-EBB6C37616EA}.Debug|x86.ActiveCfg = Debug|Any CPU
		{C2B9E56A-3F01-44BB-BB1E-EBB6C37616EA}.Debug|x86.Build.0 = Debug|Any CPU
		{C2B9E56A-3F01-44BB-BB1E-EBB6C37616EA}.Release|Any CPU.ActiveCfg = Release|Any CPU
		{C2B9E56A-3F01-44BB-BB1E-EBB6C37616EA}.Release|Any CPU.Build.0 = Release|Any CPU
		{C2B9E56A-3F01-44BB-BB1E-EBB6C37616EA}.Release|x64.ActiveCfg = Release|Any CPU
		{C2B9E56A-3F01-44BB-BB1E-EBB6C37616EA}.Release|x64.Build.0 = Release|Any CPU
		{C2B9E56A-3F01-44BB-BB1E-EBB6C37616EA}.Release|x86.ActiveCfg = Release|Any CPU
		{C2B9E56A-3F01-44BB-BB1E-EBB6C37616EA}.Release|x86.Build.0 = Release|Any CPU
		{2B93092D-F3F6-4E2B-A265-C272C3D517E6}.Debug|Any CPU.ActiveCfg = Debug|Any CPU
		{2B93092D-F3F6-4E2B-A265-C272C3D517E6}.Debug|Any CPU.Build.0 = Debug|Any CPU
		{2B93092D-F3F6-4E2B-A265-C272C3D517E6}.Debug|x64.ActiveCfg = Debug|Any CPU
		{2B93092D-F3F6-4E2B-A265-C272C3D517E6}.Debug|x64.Build.0 = Debug|Any CPU
		{2B93092D-F3F6-4E2B-A265-C272C3D517E6}.Debug|x86.ActiveCfg = Debug|Any CPU
		{2B93092D-F3F6-4E2B-A265-C272C3D517E6}.Debug|x86.Build.0 = Debug|Any CPU
		{2B93092D-F3F6-4E2B-A265-C272C3D517E6}.Release|Any CPU.ActiveCfg = Release|Any CPU
		{2B93092D-F3F6-4E2B-A265-C272C3D517E6}.Release|Any CPU.Build.0 = Release|Any CPU
		{2B93092D-F3F6-4E2B-A265-C272C3D517E6}.Release|x64.ActiveCfg = Release|Any CPU
		{2B93092D-F3F6-4E2B-A265-C272C3D517E6}.Release|x64.Build.0 = Release|Any CPU
		{2B93092D-F3F6-4E2B-A265-C272C3D517E6}.Release|x86.ActiveCfg = Release|Any CPU
		{2B93092D-F3F6-4E2B-A265-C272C3D517E6}.Release|x86.Build.0 = Release|Any CPU
		{C11E40CA-CE22-4857-9961-A0E5360A0EA1}.Debug|Any CPU.ActiveCfg = Debug|Any CPU
		{C11E40CA-CE22-4857-9961-A0E5360A0EA1}.Debug|Any CPU.Build.0 = Debug|Any CPU
		{C11E40CA-CE22-4857-9961-A0E5360A0EA1}.Debug|x64.ActiveCfg = Debug|Any CPU
		{C11E40CA-CE22-4857-9961-A0E5360A0EA1}.Debug|x64.Build.0 = Debug|Any CPU
		{C11E40CA-CE22-4857-9961-A0E5360A0EA1}.Debug|x86.ActiveCfg = Debug|Any CPU
		{C11E40CA-CE22-4857-9961-A0E5360A0EA1}.Debug|x86.Build.0 = Debug|Any CPU
		{C11E40CA-CE22-4857-9961-A0E5360A0EA1}.Release|Any CPU.ActiveCfg = Release|Any CPU
		{C11E40CA-CE22-4857-9961-A0E5360A0EA1}.Release|Any CPU.Build.0 = Release|Any CPU
		{C11E40CA-CE22-4857-9961-A0E5360A0EA1}.Release|x64.ActiveCfg = Release|Any CPU
		{C11E40CA-CE22-4857-9961-A0E5360A0EA1}.Release|x64.Build.0 = Release|Any CPU
		{C11E40CA-CE22-4857-9961-A0E5360A0EA1}.Release|x86.ActiveCfg = Release|Any CPU
		{C11E40CA-CE22-4857-9961-A0E5360A0EA1}.Release|x86.Build.0 = Release|Any CPU
		{8B2CBCA4-4D3C-47B9-8AAC-05B6C6760F0D}.Debug|Any CPU.ActiveCfg = Debug|Any CPU
		{8B2CBCA4-4D3C-47B9-8AAC-05B6C6760F0D}.Debug|Any CPU.Build.0 = Debug|Any CPU
		{8B2CBCA4-4D3C-47B9-8AAC-05B6C6760F0D}.Debug|x64.ActiveCfg = Debug|Any CPU
		{8B2CBCA4-4D3C-47B9-8AAC-05B6C6760F0D}.Debug|x64.Build.0 = Debug|Any CPU
		{8B2CBCA4-4D3C-47B9-8AAC-05B6C6760F0D}.Debug|x86.ActiveCfg = Debug|Any CPU
		{8B2CBCA4-4D3C-47B9-8AAC-05B6C6760F0D}.Debug|x86.Build.0 = Debug|Any CPU
		{8B2CBCA4-4D3C-47B9-8AAC-05B6C6760F0D}.Release|Any CPU.ActiveCfg = Release|Any CPU
		{8B2CBCA4-4D3C-47B9-8AAC-05B6C6760F0D}.Release|Any CPU.Build.0 = Release|Any CPU
		{8B2CBCA4-4D3C-47B9-8AAC-05B6C6760F0D}.Release|x64.ActiveCfg = Release|Any CPU
		{8B2CBCA4-4D3C-47B9-8AAC-05B6C6760F0D}.Release|x64.Build.0 = Release|Any CPU
		{8B2CBCA4-4D3C-47B9-8AAC-05B6C6760F0D}.Release|x86.ActiveCfg = Release|Any CPU
		{8B2CBCA4-4D3C-47B9-8AAC-05B6C6760F0D}.Release|x86.Build.0 = Release|Any CPU
	EndGlobalSection
	GlobalSection(SolutionProperties) = preSolution
		HideSolutionNode = FALSE
	EndGlobalSection
EndGlobal
